PODS:
  - LayoutKit (1.0.0)
  - SwiftService (0.0.3)

DEPENDENCIES:
  - LayoutKit (~> 1.0.0)
  - SwiftService (~> 0.0.3)

SPEC REPOS:
  "git@github.com:JoaoPCampos/frameworks-ios.git":
    - LayoutKit
    - SwiftService

SPEC CHECKSUMS:
  LayoutKit: 86ef5f20768b50ac66ed2533aade03325af699a0
  SwiftService: c261adb4f167ff2e4a6df4cd6bcfd60f068bbd84

PODFILE CHECKSUM: a59d048c3c9dd5eb52f4931e3c00a2907a08d67e

COCOAPODS: 1.9.3
