PODS:
  - LayoutKit (1.0.0)
  - SwiftService (0.1.1)

DEPENDENCIES:
  - LayoutKit (~> 1.0.0)
  - SwiftService (~> 0.1.1)

SPEC REPOS:
  "git@github.com:JoaoPCampos/frameworks-ios.git":
    - LayoutKit
    - SwiftService

SPEC CHECKSUMS:
  LayoutKit: 86ef5f20768b50ac66ed2533aade03325af699a0
  SwiftService: c0763326d34537852a42bbce67343c27bca33d32

PODFILE CHECKSUM: 1e31f750a8c9adafa51271597be484bc4b5d6369

COCOAPODS: 1.8.4
