// !$*UTF8*$!
{
	archiveVersion = 1;
	classes = {
	};
	objectVersion = 51;
	objects = {

/* Begin PBXBuildFile section */
		681FA5606EFE1F1634F4F918 /* Pods_Elo_Rate.framework in Frameworks */ = {isa = PBXBuildFile; fileRef = 9BD3B99CD6185735295FD038 /* Pods_Elo_Rate.framework */; };
		A8CBEE93356815C54F7B023E /* Pods_Elo_RateTests.framework in Frameworks */ = {isa = PBXBuildFile; fileRef = 0A5E223FE3161B71B64568BC /* Pods_Elo_RateTests.framework */; };
		C9F115822123325300F29650 /* AppDelegate.swift in Sources */ = {isa = PBXBuildFile; fileRef = C9F115812123325300F29650 /* AppDelegate.swift */; };
		C9F115892123325400F29650 /* Assets.xcassets in Resources */ = {isa = PBXBuildFile; fileRef = C9F115882123325400F29650 /* Assets.xcassets */; };
		C9F1158C2123325400F29650 /* LaunchScreen.storyboard in Resources */ = {isa = PBXBuildFile; fileRef = C9F1158A2123325400F29650 /* LaunchScreen.storyboard */; };
		D80CE61D228B69520018D1AA /* AccessLoginView.swift in Sources */ = {isa = PBXBuildFile; fileRef = D80CE61C228B69520018D1AA /* AccessLoginView.swift */; };
		D80CE61F228B6C990018D1AA /* UIView+Extension.swift in Sources */ = {isa = PBXBuildFile; fileRef = D80CE61E228B6C990018D1AA /* UIView+Extension.swift */; };
		D81B186F23CD1B37007A66B9 /* Elo_RateTests.swift in Sources */ = {isa = PBXBuildFile; fileRef = D81B186E23CD1B37007A66B9 /* Elo_RateTests.swift */; };
		D826F16623DB803500B324E9 /* UIFactory.swift in Sources */ = {isa = PBXBuildFile; fileRef = D826F16523DB803500B324E9 /* UIFactory.swift */; };
		D83D13E123D36AE00033F0BC /* Service.swift in Sources */ = {isa = PBXBuildFile; fileRef = D83D13E023D36AE00033F0BC /* Service.swift */; };
		D85A224F2411703D00AEA30D /* PlayerService.swift in Sources */ = {isa = PBXBuildFile; fileRef = D85A224E2411703D00AEA30D /* PlayerService.swift */; };
		D8733899255345610009992C /* Token.swift in Sources */ = {isa = PBXBuildFile; fileRef = D8733898255345610009992C /* Token.swift */; };
		D8A4914C23D6396A00971B88 /* Dictionary+Extension.swift in Sources */ = {isa = PBXBuildFile; fileRef = D8A4914B23D6396A00971B88 /* Dictionary+Extension.swift */; };
		D8DFB1A623D38E7B009EEF0A /* AccessService.swift in Sources */ = {isa = PBXBuildFile; fileRef = D8DFB1A523D38E7B009EEF0A /* AccessService.swift */; };
		D8DFB1A823D4BA21009EEF0A /* String+Extension.swift in Sources */ = {isa = PBXBuildFile; fileRef = D8DFB1A723D4BA21009EEF0A /* String+Extension.swift */; };
		D8DFB1AA23D4C195009EEF0A /* Player.swift in Sources */ = {isa = PBXBuildFile; fileRef = D8DFB1A923D4C195009EEF0A /* Player.swift */; };
		D8E6C2D52555DC9600024091 /* Blank.swift in Sources */ = {isa = PBXBuildFile; fileRef = D8E6C2D42555DC9600024091 /* Blank.swift */; };
		DC0241C1228B05830029B365 /* BaseViewController.swift in Sources */ = {isa = PBXBuildFile; fileRef = DC0241C0228B05830029B365 /* BaseViewController.swift */; };
		DC0241C4228B05AF0029B365 /* Identifiable.swift in Sources */ = {isa = PBXBuildFile; fileRef = DC0241C3228B05AF0029B365 /* Identifiable.swift */; };
		DC0241C6228B05D60029B365 /* Coordinator.swift in Sources */ = {isa = PBXBuildFile; fileRef = DC0241C5228B05D60029B365 /* Coordinator.swift */; };
		DC0241CA228B060F0029B365 /* UINavigationController+Extension.swift in Sources */ = {isa = PBXBuildFile; fileRef = DC0241C9228B060F0029B365 /* UINavigationController+Extension.swift */; };
		DC0241CC228B06480029B365 /* AppCoordinator.swift in Sources */ = {isa = PBXBuildFile; fileRef = DC0241CB228B06480029B365 /* AppCoordinator.swift */; };
		DC0241CF228B068F0029B365 /* AccessCoordinator.swift in Sources */ = {isa = PBXBuildFile; fileRef = DC0241CE228B068F0029B365 /* AccessCoordinator.swift */; };
		DC0241D1228B06F30029B365 /* AccessViewController.swift in Sources */ = {isa = PBXBuildFile; fileRef = DC0241D0228B06F30029B365 /* AccessViewController.swift */; };
		DC1932EF2298385A008609AB /* NSRegularExpression+Extension.swift in Sources */ = {isa = PBXBuildFile; fileRef = DC1932EE2298385A008609AB /* NSRegularExpression+Extension.swift */; };
		DC8786FC23C78B590063320E /* AccessTextField.swift in Sources */ = {isa = PBXBuildFile; fileRef = DC8786FB23C78B590063320E /* AccessTextField.swift */; };
		DC886C4A228C5D5C0070701B /* bpmono.regular.ttf in Resources */ = {isa = PBXBuildFile; fileRef = DC886C46228C5D5B0070701B /* bpmono.regular.ttf */; };
		DC886C4B228C5D5C0070701B /* bpmono.stencil-bold.ttf in Resources */ = {isa = PBXBuildFile; fileRef = DC886C47228C5D5B0070701B /* bpmono.stencil-bold.ttf */; };
		DC886C4C228C5D5C0070701B /* bpmono.bold.ttf in Resources */ = {isa = PBXBuildFile; fileRef = DC886C48228C5D5B0070701B /* bpmono.bold.ttf */; };
		DC886C4D228C5D5C0070701B /* bpmono.italic.ttf in Resources */ = {isa = PBXBuildFile; fileRef = DC886C49228C5D5B0070701B /* bpmono.italic.ttf */; };
		DC886C53228D52660070701B /* UIColor+Extension.swift in Sources */ = {isa = PBXBuildFile; fileRef = DC886C52228D52660070701B /* UIColor+Extension.swift */; };
/* End PBXBuildFile section */

/* Begin PBXContainerItemProxy section */
		D81B186923CD1AA4007A66B9 /* PBXContainerItemProxy */ = {
			isa = PBXContainerItemProxy;
			containerPortal = C9F115762123325300F29650 /* Project object */;
			proxyType = 1;
			remoteGlobalIDString = C9F1157D2123325300F29650;
			remoteInfo = "Elo Rate";
		};
/* End PBXContainerItemProxy section */

/* Begin PBXFileReference section */
		0A5E223FE3161B71B64568BC /* Pods_Elo_RateTests.framework */ = {isa = PBXFileReference; explicitFileType = wrapper.framework; includeInIndex = 0; path = Pods_Elo_RateTests.framework; sourceTree = BUILT_PRODUCTS_DIR; };
		26F9F2D9B1050DC06C1B2766 /* Pods-Elo RateTests.xctest.xcconfig */ = {isa = PBXFileReference; includeInIndex = 1; lastKnownFileType = text.xcconfig; name = "Pods-Elo RateTests.xctest.xcconfig"; path = "Target Support Files/Pods-Elo RateTests/Pods-Elo RateTests.xctest.xcconfig"; sourceTree = "<group>"; };
		5AF2D266AF705BDA97A39B13 /* Pods-Elo RateTests.debug.xcconfig */ = {isa = PBXFileReference; includeInIndex = 1; lastKnownFileType = text.xcconfig; name = "Pods-Elo RateTests.debug.xcconfig"; path = "Target Support Files/Pods-Elo RateTests/Pods-Elo RateTests.debug.xcconfig"; sourceTree = "<group>"; };
		7BA7DB9B417A1AE57B57D009 /* Pods-Elo Rate.xctest.xcconfig */ = {isa = PBXFileReference; includeInIndex = 1; lastKnownFileType = text.xcconfig; name = "Pods-Elo Rate.xctest.xcconfig"; path = "Target Support Files/Pods-Elo Rate/Pods-Elo Rate.xctest.xcconfig"; sourceTree = "<group>"; };
		815BA00031C08D793B2DFD16 /* Pods-Elo Rate.debug.xcconfig */ = {isa = PBXFileReference; includeInIndex = 1; lastKnownFileType = text.xcconfig; name = "Pods-Elo Rate.debug.xcconfig"; path = "Target Support Files/Pods-Elo Rate/Pods-Elo Rate.debug.xcconfig"; sourceTree = "<group>"; };
		9BD3B99CD6185735295FD038 /* Pods_Elo_Rate.framework */ = {isa = PBXFileReference; explicitFileType = wrapper.framework; includeInIndex = 0; path = Pods_Elo_Rate.framework; sourceTree = BUILT_PRODUCTS_DIR; };
		A9DD936460F8D4245BE1B351 /* Pods-Elo Rate.release.xcconfig */ = {isa = PBXFileReference; includeInIndex = 1; lastKnownFileType = text.xcconfig; name = "Pods-Elo Rate.release.xcconfig"; path = "Target Support Files/Pods-Elo Rate/Pods-Elo Rate.release.xcconfig"; sourceTree = "<group>"; };
		C9F1157E2123325300F29650 /* Elo Rate.app */ = {isa = PBXFileReference; explicitFileType = wrapper.application; includeInIndex = 0; path = "Elo Rate.app"; sourceTree = BUILT_PRODUCTS_DIR; };
		C9F115812123325300F29650 /* AppDelegate.swift */ = {isa = PBXFileReference; lastKnownFileType = sourcecode.swift; path = AppDelegate.swift; sourceTree = "<group>"; };
		C9F115882123325400F29650 /* Assets.xcassets */ = {isa = PBXFileReference; lastKnownFileType = folder.assetcatalog; path = Assets.xcassets; sourceTree = "<group>"; };
		C9F1158B2123325400F29650 /* Base */ = {isa = PBXFileReference; lastKnownFileType = file.storyboard; name = Base; path = Base.lproj/LaunchScreen.storyboard; sourceTree = "<group>"; };
		C9F1158D2123325400F29650 /* Info.plist */ = {isa = PBXFileReference; lastKnownFileType = text.plist.xml; path = Info.plist; sourceTree = "<group>"; };
		D80CE61C228B69520018D1AA /* AccessLoginView.swift */ = {isa = PBXFileReference; lastKnownFileType = sourcecode.swift; path = AccessLoginView.swift; sourceTree = "<group>"; };
		D80CE61E228B6C990018D1AA /* UIView+Extension.swift */ = {isa = PBXFileReference; lastKnownFileType = sourcecode.swift; path = "UIView+Extension.swift"; sourceTree = "<group>"; };
		D81B186423CD1AA4007A66B9 /* Elo RateTests.xctest */ = {isa = PBXFileReference; explicitFileType = wrapper.cfbundle; includeInIndex = 0; path = "Elo RateTests.xctest"; sourceTree = BUILT_PRODUCTS_DIR; };
		D81B186823CD1AA4007A66B9 /* Info.plist */ = {isa = PBXFileReference; lastKnownFileType = text.plist.xml; path = Info.plist; sourceTree = "<group>"; };
		D81B186E23CD1B37007A66B9 /* Elo_RateTests.swift */ = {isa = PBXFileReference; fileEncoding = 4; lastKnownFileType = sourcecode.swift; path = Elo_RateTests.swift; sourceTree = "<group>"; };
		D826F16523DB803500B324E9 /* UIFactory.swift */ = {isa = PBXFileReference; lastKnownFileType = sourcecode.swift; path = UIFactory.swift; sourceTree = "<group>"; };
		D83D13E023D36AE00033F0BC /* Service.swift */ = {isa = PBXFileReference; lastKnownFileType = sourcecode.swift; path = Service.swift; sourceTree = "<group>"; };
		D85A224E2411703D00AEA30D /* PlayerService.swift */ = {isa = PBXFileReference; lastKnownFileType = sourcecode.swift; path = PlayerService.swift; sourceTree = "<group>"; };
		D873389125533F210009992C /* LeagueAPI.framework */ = {isa = PBXFileReference; lastKnownFileType = wrapper.framework; name = LeagueAPI.framework; path = "../../../../Library/Developer/Xcode/DerivedData/LeagueAPI-ajostkbyosyvsuhazwnzqsexlirq/Build/Products/Release/LeagueAPI.framework"; sourceTree = "<group>"; };
		D8733898255345610009992C /* Token.swift */ = {isa = PBXFileReference; lastKnownFileType = sourcecode.swift; path = Token.swift; sourceTree = "<group>"; };
		D8A4914B23D6396A00971B88 /* Dictionary+Extension.swift */ = {isa = PBXFileReference; lastKnownFileType = sourcecode.swift; path = "Dictionary+Extension.swift"; sourceTree = "<group>"; };
		D8DFB1A523D38E7B009EEF0A /* AccessService.swift */ = {isa = PBXFileReference; lastKnownFileType = sourcecode.swift; path = AccessService.swift; sourceTree = "<group>"; };
		D8DFB1A723D4BA21009EEF0A /* String+Extension.swift */ = {isa = PBXFileReference; lastKnownFileType = sourcecode.swift; path = "String+Extension.swift"; sourceTree = "<group>"; };
		D8DFB1A923D4C195009EEF0A /* Player.swift */ = {isa = PBXFileReference; lastKnownFileType = sourcecode.swift; path = Player.swift; sourceTree = "<group>"; };
		D8E6C2D42555DC9600024091 /* Blank.swift */ = {isa = PBXFileReference; lastKnownFileType = sourcecode.swift; path = Blank.swift; sourceTree = "<group>"; };
		DC0241C0228B05830029B365 /* BaseViewController.swift */ = {isa = PBXFileReference; lastKnownFileType = sourcecode.swift; path = BaseViewController.swift; sourceTree = "<group>"; };
		DC0241C3228B05AF0029B365 /* Identifiable.swift */ = {isa = PBXFileReference; lastKnownFileType = sourcecode.swift; path = Identifiable.swift; sourceTree = "<group>"; };
		DC0241C5228B05D60029B365 /* Coordinator.swift */ = {isa = PBXFileReference; lastKnownFileType = sourcecode.swift; path = Coordinator.swift; sourceTree = "<group>"; };
		DC0241C9228B060F0029B365 /* UINavigationController+Extension.swift */ = {isa = PBXFileReference; lastKnownFileType = sourcecode.swift; path = "UINavigationController+Extension.swift"; sourceTree = "<group>"; };
		DC0241CB228B06480029B365 /* AppCoordinator.swift */ = {isa = PBXFileReference; lastKnownFileType = sourcecode.swift; path = AppCoordinator.swift; sourceTree = "<group>"; };
		DC0241CE228B068F0029B365 /* AccessCoordinator.swift */ = {isa = PBXFileReference; lastKnownFileType = sourcecode.swift; path = AccessCoordinator.swift; sourceTree = "<group>"; };
		DC0241D0228B06F30029B365 /* AccessViewController.swift */ = {isa = PBXFileReference; lastKnownFileType = sourcecode.swift; path = AccessViewController.swift; sourceTree = "<group>"; };
		DC1932EE2298385A008609AB /* NSRegularExpression+Extension.swift */ = {isa = PBXFileReference; lastKnownFileType = sourcecode.swift; path = "NSRegularExpression+Extension.swift"; sourceTree = "<group>"; };
		DC8786FB23C78B590063320E /* AccessTextField.swift */ = {isa = PBXFileReference; lastKnownFileType = sourcecode.swift; path = AccessTextField.swift; sourceTree = "<group>"; };
		DC886C46228C5D5B0070701B /* bpmono.regular.ttf */ = {isa = PBXFileReference; lastKnownFileType = file; path = bpmono.regular.ttf; sourceTree = "<group>"; };
		DC886C47228C5D5B0070701B /* bpmono.stencil-bold.ttf */ = {isa = PBXFileReference; lastKnownFileType = file; path = "bpmono.stencil-bold.ttf"; sourceTree = "<group>"; };
		DC886C48228C5D5B0070701B /* bpmono.bold.ttf */ = {isa = PBXFileReference; lastKnownFileType = file; path = bpmono.bold.ttf; sourceTree = "<group>"; };
		DC886C49228C5D5B0070701B /* bpmono.italic.ttf */ = {isa = PBXFileReference; lastKnownFileType = file; path = bpmono.italic.ttf; sourceTree = "<group>"; };
		DC886C52228D52660070701B /* UIColor+Extension.swift */ = {isa = PBXFileReference; lastKnownFileType = sourcecode.swift; path = "UIColor+Extension.swift"; sourceTree = "<group>"; };
		E2064E104B1F63D698230934 /* Pods-Elo RateTests.release.xcconfig */ = {isa = PBXFileReference; includeInIndex = 1; lastKnownFileType = text.xcconfig; name = "Pods-Elo RateTests.release.xcconfig"; path = "Target Support Files/Pods-Elo RateTests/Pods-Elo RateTests.release.xcconfig"; sourceTree = "<group>"; };
/* End PBXFileReference section */

/* Begin PBXFrameworksBuildPhase section */
		C9F1157B2123325300F29650 /* Frameworks */ = {
			isa = PBXFrameworksBuildPhase;
			buildActionMask = 2147483647;
			files = (
				681FA5606EFE1F1634F4F918 /* Pods_Elo_Rate.framework in Frameworks */,
			);
			runOnlyForDeploymentPostprocessing = 0;
		};
		D81B186123CD1AA4007A66B9 /* Frameworks */ = {
			isa = PBXFrameworksBuildPhase;
			buildActionMask = 2147483647;
			files = (
				A8CBEE93356815C54F7B023E /* Pods_Elo_RateTests.framework in Frameworks */,
			);
			runOnlyForDeploymentPostprocessing = 0;
		};
/* End PBXFrameworksBuildPhase section */

/* Begin PBXGroup section */
		2A9800E411A29A8E8CE8EBC9 /* Frameworks */ = {
			isa = PBXGroup;
			children = (
				D873389125533F210009992C /* LeagueAPI.framework */,
				9BD3B99CD6185735295FD038 /* Pods_Elo_Rate.framework */,
				0A5E223FE3161B71B64568BC /* Pods_Elo_RateTests.framework */,
			);
			name = Frameworks;
			sourceTree = "<group>";
		};
		2FDFB5FB1FD45FB814BEBDBD /* Pods */ = {
			isa = PBXGroup;
			children = (
				815BA00031C08D793B2DFD16 /* Pods-Elo Rate.debug.xcconfig */,
				A9DD936460F8D4245BE1B351 /* Pods-Elo Rate.release.xcconfig */,
				5AF2D266AF705BDA97A39B13 /* Pods-Elo RateTests.debug.xcconfig */,
				E2064E104B1F63D698230934 /* Pods-Elo RateTests.release.xcconfig */,
				7BA7DB9B417A1AE57B57D009 /* Pods-Elo Rate.xctest.xcconfig */,
				26F9F2D9B1050DC06C1B2766 /* Pods-Elo RateTests.xctest.xcconfig */,
			);
			path = Pods;
			sourceTree = "<group>";
		};
		C9F115752123325300F29650 = {
			isa = PBXGroup;
			children = (
				C9F115802123325300F29650 /* Elo Rate */,
				D81B186523CD1AA4007A66B9 /* Elo RateTests */,
				C9F1157F2123325300F29650 /* Products */,
				2FDFB5FB1FD45FB814BEBDBD /* Pods */,
				2A9800E411A29A8E8CE8EBC9 /* Frameworks */,
			);
			sourceTree = "<group>";
		};
		C9F1157F2123325300F29650 /* Products */ = {
			isa = PBXGroup;
			children = (
				C9F1157E2123325300F29650 /* Elo Rate.app */,
				D81B186423CD1AA4007A66B9 /* Elo RateTests.xctest */,
			);
			name = Products;
			sourceTree = "<group>";
		};
		C9F115802123325300F29650 /* Elo Rate */ = {
			isa = PBXGroup;
			children = (
				DC0241C8228B05F60029B365 /* Extensions */,
				DC0241C2228B05930029B365 /* Protocols */,
				DC886C45228C5D430070701B /* Resources */,
				D83D13DF23D368820033F0BC /* Service */,
				DC0241C7228B05E90029B365 /* UI */,
				DC0241CB228B06480029B365 /* AppCoordinator.swift */,
				C9F115812123325300F29650 /* AppDelegate.swift */,
				C9F1158A2123325400F29650 /* LaunchScreen.storyboard */,
				C9F1158D2123325400F29650 /* Info.plist */,
				C9F115882123325400F29650 /* Assets.xcassets */,
			);
			path = "Elo Rate";
			sourceTree = "<group>";
		};
		D81B186523CD1AA4007A66B9 /* Elo RateTests */ = {
			isa = PBXGroup;
			children = (
				D81B186E23CD1B37007A66B9 /* Elo_RateTests.swift */,
				D81B186823CD1AA4007A66B9 /* Info.plist */,
			);
			path = "Elo RateTests";
			sourceTree = "<group>";
		};
		D826F16423DB7FD300B324E9 /* Factories */ = {
			isa = PBXGroup;
			children = (
				D826F16523DB803500B324E9 /* UIFactory.swift */,
			);
			path = Factories;
			sourceTree = "<group>";
		};
		D83D13DF23D368820033F0BC /* Service */ = {
			isa = PBXGroup;
			children = (
				D8733897255345570009992C /* Token */,
				D85A224D2411702A00AEA30D /* Player */,
				D83D13E323D370C20033F0BC /* Access */,
				D83D13E223D370B20033F0BC /* Base */,
			);
			path = Service;
			sourceTree = "<group>";
		};
		D83D13E223D370B20033F0BC /* Base */ = {
			isa = PBXGroup;
			children = (
				D83D13E023D36AE00033F0BC /* Service.swift */,
				D8E6C2D42555DC9600024091 /* Blank.swift */,
			);
			path = Base;
			sourceTree = "<group>";
		};
		D83D13E323D370C20033F0BC /* Access */ = {
			isa = PBXGroup;
			children = (
				D8DFB1A523D38E7B009EEF0A /* AccessService.swift */,
			);
			path = Access;
			sourceTree = "<group>";
		};
		D85A224D2411702A00AEA30D /* Player */ = {
			isa = PBXGroup;
			children = (
				D85A224E2411703D00AEA30D /* PlayerService.swift */,
				D8DFB1A923D4C195009EEF0A /* Player.swift */,
			);
			path = Player;
			sourceTree = "<group>";
		};
		D8733897255345570009992C /* Token */ = {
			isa = PBXGroup;
			children = (
				D8733898255345610009992C /* Token.swift */,
			);
			path = Token;
			sourceTree = "<group>";
		};
		DC0241BF228B05640029B365 /* Base */ = {
			isa = PBXGroup;
			children = (
				DC0241D4228C27190029B365 /* ViewControllers */,
			);
			path = Base;
			sourceTree = "<group>";
		};
		DC0241C2228B05930029B365 /* Protocols */ = {
			isa = PBXGroup;
			children = (
				DC0241C3228B05AF0029B365 /* Identifiable.swift */,
				DC0241C5228B05D60029B365 /* Coordinator.swift */,
			);
			path = Protocols;
			sourceTree = "<group>";
		};
		DC0241C7228B05E90029B365 /* UI */ = {
			isa = PBXGroup;
			children = (
				D826F16423DB7FD300B324E9 /* Factories */,
				DC0241CD228B06800029B365 /* Access */,
				DC0241BF228B05640029B365 /* Base */,
			);
			path = UI;
			sourceTree = "<group>";
		};
		DC0241C8228B05F60029B365 /* Extensions */ = {
			isa = PBXGroup;
			children = (
				DC0241C9228B060F0029B365 /* UINavigationController+Extension.swift */,
				D80CE61E228B6C990018D1AA /* UIView+Extension.swift */,
				DC886C52228D52660070701B /* UIColor+Extension.swift */,
				DC1932EE2298385A008609AB /* NSRegularExpression+Extension.swift */,
				D8DFB1A723D4BA21009EEF0A /* String+Extension.swift */,
				D8A4914B23D6396A00971B88 /* Dictionary+Extension.swift */,
			);
			path = Extensions;
			sourceTree = "<group>";
		};
		DC0241CD228B06800029B365 /* Access */ = {
			isa = PBXGroup;
			children = (
				DC8786FA23C78B320063320E /* Views */,
				DC0241CE228B068F0029B365 /* AccessCoordinator.swift */,
				DC0241D0228B06F30029B365 /* AccessViewController.swift */,
			);
			path = Access;
			sourceTree = "<group>";
		};
		DC0241D4228C27190029B365 /* ViewControllers */ = {
			isa = PBXGroup;
			children = (
				DC0241C0228B05830029B365 /* BaseViewController.swift */,
			);
			path = ViewControllers;
			sourceTree = "<group>";
		};
		DC8786FA23C78B320063320E /* Views */ = {
			isa = PBXGroup;
			children = (
				D80CE61C228B69520018D1AA /* AccessLoginView.swift */,
				DC8786FB23C78B590063320E /* AccessTextField.swift */,
			);
			path = Views;
			sourceTree = "<group>";
		};
		DC886C45228C5D430070701B /* Resources */ = {
			isa = PBXGroup;
			children = (
				DC886C48228C5D5B0070701B /* bpmono.bold.ttf */,
				DC886C49228C5D5B0070701B /* bpmono.italic.ttf */,
				DC886C46228C5D5B0070701B /* bpmono.regular.ttf */,
				DC886C47228C5D5B0070701B /* bpmono.stencil-bold.ttf */,
			);
			path = Resources;
			sourceTree = "<group>";
		};
/* End PBXGroup section */

/* Begin PBXNativeTarget section */
		C9F1157D2123325300F29650 /* Elo Rate */ = {
			isa = PBXNativeTarget;
			buildConfigurationList = C9F1159B2123325400F29650 /* Build configuration list for PBXNativeTarget "Elo Rate" */;
			buildPhases = (
				8AF4A8743C83760DB0B6010E /* [CP] Check Pods Manifest.lock */,
				C9F1157A2123325300F29650 /* Sources */,
				C9F1157B2123325300F29650 /* Frameworks */,
				C9F1157C2123325300F29650 /* Resources */,
				46A718F8E32147C7033CE102 /* [CP] Embed Pods Frameworks */,
			);
			buildRules = (
			);
			dependencies = (
			);
			name = "Elo Rate";
			productName = "Elo Rate";
			productReference = C9F1157E2123325300F29650 /* Elo Rate.app */;
			productType = "com.apple.product-type.application";
		};
		D81B186323CD1AA4007A66B9 /* Elo RateTests */ = {
			isa = PBXNativeTarget;
			buildConfigurationList = D81B186D23CD1AA4007A66B9 /* Build configuration list for PBXNativeTarget "Elo RateTests" */;
			buildPhases = (
				F5CE906DF69FD8FEF238329F /* [CP] Check Pods Manifest.lock */,
				D81B186023CD1AA4007A66B9 /* Sources */,
				D81B186123CD1AA4007A66B9 /* Frameworks */,
				D81B186223CD1AA4007A66B9 /* Resources */,
			);
			buildRules = (
			);
			dependencies = (
				D81B186A23CD1AA4007A66B9 /* PBXTargetDependency */,
			);
			name = "Elo RateTests";
			productName = "Elo RateTests";
			productReference = D81B186423CD1AA4007A66B9 /* Elo RateTests.xctest */;
			productType = "com.apple.product-type.bundle.unit-test";
		};
/* End PBXNativeTarget section */

/* Begin PBXProject section */
		C9F115762123325300F29650 /* Project object */ = {
			isa = PBXProject;
			attributes = {
				LastSwiftUpdateCheck = 1120;
				LastUpgradeCheck = 0940;
				ORGANIZATIONNAME = "João Campos";
				TargetAttributes = {
					C9F1157D2123325300F29650 = {
						CreatedOnToolsVersion = 9.4.1;
						LastSwiftMigration = 1120;
					};
					D81B186323CD1AA4007A66B9 = {
						CreatedOnToolsVersion = 11.2;
						LastSwiftMigration = 1120;
						TestTargetID = C9F1157D2123325300F29650;
					};
				};
			};
			buildConfigurationList = C9F115792123325300F29650 /* Build configuration list for PBXProject "Elo Rate" */;
			compatibilityVersion = "Xcode 9.3";
			developmentRegion = en;
			hasScannedForEncodings = 0;
			knownRegions = (
				en,
				Base,
			);
			mainGroup = C9F115752123325300F29650;
			productRefGroup = C9F1157F2123325300F29650 /* Products */;
			projectDirPath = "";
			projectRoot = "";
			targets = (
				C9F1157D2123325300F29650 /* Elo Rate */,
				D81B186323CD1AA4007A66B9 /* Elo RateTests */,
			);
		};
/* End PBXProject section */

/* Begin PBXResourcesBuildPhase section */
		C9F1157C2123325300F29650 /* Resources */ = {
			isa = PBXResourcesBuildPhase;
			buildActionMask = 2147483647;
			files = (
				DC886C4B228C5D5C0070701B /* bpmono.stencil-bold.ttf in Resources */,
				DC886C4A228C5D5C0070701B /* bpmono.regular.ttf in Resources */,
				C9F1158C2123325400F29650 /* LaunchScreen.storyboard in Resources */,
				C9F115892123325400F29650 /* Assets.xcassets in Resources */,
				DC886C4D228C5D5C0070701B /* bpmono.italic.ttf in Resources */,
				DC886C4C228C5D5C0070701B /* bpmono.bold.ttf in Resources */,
			);
			runOnlyForDeploymentPostprocessing = 0;
		};
		D81B186223CD1AA4007A66B9 /* Resources */ = {
			isa = PBXResourcesBuildPhase;
			buildActionMask = 2147483647;
			files = (
			);
			runOnlyForDeploymentPostprocessing = 0;
		};
/* End PBXResourcesBuildPhase section */

/* Begin PBXShellScriptBuildPhase section */
		46A718F8E32147C7033CE102 /* [CP] Embed Pods Frameworks */ = {
			isa = PBXShellScriptBuildPhase;
			buildActionMask = 2147483647;
			files = (
			);
			inputFileListPaths = (
				"${PODS_ROOT}/Target Support Files/Pods-Elo Rate/Pods-Elo Rate-frameworks-${CONFIGURATION}-input-files.xcfilelist",
			);
			name = "[CP] Embed Pods Frameworks";
			outputFileListPaths = (
				"${PODS_ROOT}/Target Support Files/Pods-Elo Rate/Pods-Elo Rate-frameworks-${CONFIGURATION}-output-files.xcfilelist",
			);
			runOnlyForDeploymentPostprocessing = 0;
			shellPath = /bin/sh;
			shellScript = "\"${PODS_ROOT}/Target Support Files/Pods-Elo Rate/Pods-Elo Rate-frameworks.sh\"\n";
			showEnvVarsInLog = 0;
		};
		8AF4A8743C83760DB0B6010E /* [CP] Check Pods Manifest.lock */ = {
			isa = PBXShellScriptBuildPhase;
			buildActionMask = 2147483647;
			files = (
			);
			inputFileListPaths = (
			);
			inputPaths = (
				"${PODS_PODFILE_DIR_PATH}/Podfile.lock",
				"${PODS_ROOT}/Manifest.lock",
			);
			name = "[CP] Check Pods Manifest.lock";
			outputFileListPaths = (
			);
			outputPaths = (
				"$(DERIVED_FILE_DIR)/Pods-Elo Rate-checkManifestLockResult.txt",
			);
			runOnlyForDeploymentPostprocessing = 0;
			shellPath = /bin/sh;
			shellScript = "diff \"${PODS_PODFILE_DIR_PATH}/Podfile.lock\" \"${PODS_ROOT}/Manifest.lock\" > /dev/null\nif [ $? != 0 ] ; then\n    # print error to STDERR\n    echo \"error: The sandbox is not in sync with the Podfile.lock. Run 'pod install' or update your CocoaPods installation.\" >&2\n    exit 1\nfi\n# This output is used by Xcode 'outputs' to avoid re-running this script phase.\necho \"SUCCESS\" > \"${SCRIPT_OUTPUT_FILE_0}\"\n";
			showEnvVarsInLog = 0;
		};
		F5CE906DF69FD8FEF238329F /* [CP] Check Pods Manifest.lock */ = {
			isa = PBXShellScriptBuildPhase;
			buildActionMask = 2147483647;
			files = (
			);
			inputFileListPaths = (
			);
			inputPaths = (
				"${PODS_PODFILE_DIR_PATH}/Podfile.lock",
				"${PODS_ROOT}/Manifest.lock",
			);
			name = "[CP] Check Pods Manifest.lock";
			outputFileListPaths = (
			);
			outputPaths = (
				"$(DERIVED_FILE_DIR)/Pods-Elo RateTests-checkManifestLockResult.txt",
			);
			runOnlyForDeploymentPostprocessing = 0;
			shellPath = /bin/sh;
			shellScript = "diff \"${PODS_PODFILE_DIR_PATH}/Podfile.lock\" \"${PODS_ROOT}/Manifest.lock\" > /dev/null\nif [ $? != 0 ] ; then\n    # print error to STDERR\n    echo \"error: The sandbox is not in sync with the Podfile.lock. Run 'pod install' or update your CocoaPods installation.\" >&2\n    exit 1\nfi\n# This output is used by Xcode 'outputs' to avoid re-running this script phase.\necho \"SUCCESS\" > \"${SCRIPT_OUTPUT_FILE_0}\"\n";
			showEnvVarsInLog = 0;
		};
/* End PBXShellScriptBuildPhase section */

/* Begin PBXSourcesBuildPhase section */
		C9F1157A2123325300F29650 /* Sources */ = {
			isa = PBXSourcesBuildPhase;
			buildActionMask = 2147483647;
			files = (
				D8A4914C23D6396A00971B88 /* Dictionary+Extension.swift in Sources */,
				D83D13E123D36AE00033F0BC /* Service.swift in Sources */,
				D8DFB1A623D38E7B009EEF0A /* AccessService.swift in Sources */,
				D826F16623DB803500B324E9 /* UIFactory.swift in Sources */,
				D80CE61F228B6C990018D1AA /* UIView+Extension.swift in Sources */,
				DC0241CC228B06480029B365 /* AppCoordinator.swift in Sources */,
				DC0241C6228B05D60029B365 /* Coordinator.swift in Sources */,
				DC0241CF228B068F0029B365 /* AccessCoordinator.swift in Sources */,
				DC8786FC23C78B590063320E /* AccessTextField.swift in Sources */,
				D8DFB1A823D4BA21009EEF0A /* String+Extension.swift in Sources */,
				C9F115822123325300F29650 /* AppDelegate.swift in Sources */,
				DC0241D1228B06F30029B365 /* AccessViewController.swift in Sources */,
				DC0241CA228B060F0029B365 /* UINavigationController+Extension.swift in Sources */,
				DC1932EF2298385A008609AB /* NSRegularExpression+Extension.swift in Sources */,
				DC0241C4228B05AF0029B365 /* Identifiable.swift in Sources */,
				D8733899255345610009992C /* Token.swift in Sources */,
				DC0241C1228B05830029B365 /* BaseViewController.swift in Sources */,
				D85A224F2411703D00AEA30D /* PlayerService.swift in Sources */,
				DC886C53228D52660070701B /* UIColor+Extension.swift in Sources */,
				D8DFB1AA23D4C195009EEF0A /* Player.swift in Sources */,
				D8E6C2D52555DC9600024091 /* Blank.swift in Sources */,
				D80CE61D228B69520018D1AA /* AccessLoginView.swift in Sources */,
			);
			runOnlyForDeploymentPostprocessing = 0;
		};
		D81B186023CD1AA4007A66B9 /* Sources */ = {
			isa = PBXSourcesBuildPhase;
			buildActionMask = 2147483647;
			files = (
				D81B186F23CD1B37007A66B9 /* Elo_RateTests.swift in Sources */,
			);
			runOnlyForDeploymentPostprocessing = 0;
		};
/* End PBXSourcesBuildPhase section */

/* Begin PBXTargetDependency section */
		D81B186A23CD1AA4007A66B9 /* PBXTargetDependency */ = {
			isa = PBXTargetDependency;
			target = C9F1157D2123325300F29650 /* Elo Rate */;
			targetProxy = D81B186923CD1AA4007A66B9 /* PBXContainerItemProxy */;
		};
/* End PBXTargetDependency section */

/* Begin PBXVariantGroup section */
		C9F1158A2123325400F29650 /* LaunchScreen.storyboard */ = {
			isa = PBXVariantGroup;
			children = (
				C9F1158B2123325400F29650 /* Base */,
			);
			name = LaunchScreen.storyboard;
			sourceTree = "<group>";
		};
/* End PBXVariantGroup section */

/* Begin XCBuildConfiguration section */
		C9F115992123325400F29650 /* Debug */ = {
			isa = XCBuildConfiguration;
			buildSettings = {
				ALWAYS_SEARCH_USER_PATHS = NO;
				CLANG_ANALYZER_NONNULL = YES;
				CLANG_ANALYZER_NUMBER_OBJECT_CONVERSION = YES_AGGRESSIVE;
				CLANG_CXX_LANGUAGE_STANDARD = "gnu++14";
				CLANG_CXX_LIBRARY = "libc++";
				CLANG_ENABLE_MODULES = YES;
				CLANG_ENABLE_OBJC_ARC = YES;
				CLANG_ENABLE_OBJC_WEAK = YES;
				CLANG_WARN_BLOCK_CAPTURE_AUTORELEASING = YES;
				CLANG_WARN_BOOL_CONVERSION = YES;
				CLANG_WARN_COMMA = YES;
				CLANG_WARN_CONSTANT_CONVERSION = YES;
				CLANG_WARN_DEPRECATED_OBJC_IMPLEMENTATIONS = YES;
				CLANG_WARN_DIRECT_OBJC_ISA_USAGE = YES_ERROR;
				CLANG_WARN_DOCUMENTATION_COMMENTS = YES;
				CLANG_WARN_EMPTY_BODY = YES;
				CLANG_WARN_ENUM_CONVERSION = YES;
				CLANG_WARN_INFINITE_RECURSION = YES;
				CLANG_WARN_INT_CONVERSION = YES;
				CLANG_WARN_NON_LITERAL_NULL_CONVERSION = YES;
				CLANG_WARN_OBJC_IMPLICIT_RETAIN_SELF = YES;
				CLANG_WARN_OBJC_LITERAL_CONVERSION = YES;
				CLANG_WARN_OBJC_ROOT_CLASS = YES_ERROR;
				CLANG_WARN_RANGE_LOOP_ANALYSIS = YES;
				CLANG_WARN_STRICT_PROTOTYPES = YES;
				CLANG_WARN_SUSPICIOUS_MOVE = YES;
				CLANG_WARN_UNGUARDED_AVAILABILITY = YES_AGGRESSIVE;
				CLANG_WARN_UNREACHABLE_CODE = YES;
				CLANG_WARN__DUPLICATE_METHOD_MATCH = YES;
				CODE_SIGN_IDENTITY = "iPhone Developer: jonybfc@gmail.com (YL8N79Q3HX)";
				COPY_PHASE_STRIP = NO;
				DEBUG_INFORMATION_FORMAT = dwarf;
				ENABLE_STRICT_OBJC_MSGSEND = YES;
				ENABLE_TESTABILITY = YES;
				GCC_C_LANGUAGE_STANDARD = gnu11;
				GCC_DYNAMIC_NO_PIC = NO;
				GCC_NO_COMMON_BLOCKS = YES;
				GCC_OPTIMIZATION_LEVEL = 0;
				GCC_PREPROCESSOR_DEFINITIONS = (
					"DEBUG=1",
					"$(inherited)",
				);
				GCC_WARN_64_TO_32_BIT_CONVERSION = YES;
				GCC_WARN_ABOUT_RETURN_TYPE = YES_ERROR;
				GCC_WARN_UNDECLARED_SELECTOR = YES;
				GCC_WARN_UNINITIALIZED_AUTOS = YES_AGGRESSIVE;
				GCC_WARN_UNUSED_FUNCTION = YES;
				GCC_WARN_UNUSED_VARIABLE = YES;
				IPHONEOS_DEPLOYMENT_TARGET = 13.2;
				MTL_ENABLE_DEBUG_INFO = YES;
				ONLY_ACTIVE_ARCH = YES;
				SDKROOT = iphoneos;
				SWIFT_ACTIVE_COMPILATION_CONDITIONS = DEBUG;
				SWIFT_OPTIMIZATION_LEVEL = "-Onone";
			};
			name = Debug;
		};
		C9F1159A2123325400F29650 /* Release */ = {
			isa = XCBuildConfiguration;
			buildSettings = {
				ALWAYS_SEARCH_USER_PATHS = NO;
				CLANG_ANALYZER_NONNULL = YES;
				CLANG_ANALYZER_NUMBER_OBJECT_CONVERSION = YES_AGGRESSIVE;
				CLANG_CXX_LANGUAGE_STANDARD = "gnu++14";
				CLANG_CXX_LIBRARY = "libc++";
				CLANG_ENABLE_MODULES = YES;
				CLANG_ENABLE_OBJC_ARC = YES;
				CLANG_ENABLE_OBJC_WEAK = YES;
				CLANG_WARN_BLOCK_CAPTURE_AUTORELEASING = YES;
				CLANG_WARN_BOOL_CONVERSION = YES;
				CLANG_WARN_COMMA = YES;
				CLANG_WARN_CONSTANT_CONVERSION = YES;
				CLANG_WARN_DEPRECATED_OBJC_IMPLEMENTATIONS = YES;
				CLANG_WARN_DIRECT_OBJC_ISA_USAGE = YES_ERROR;
				CLANG_WARN_DOCUMENTATION_COMMENTS = YES;
				CLANG_WARN_EMPTY_BODY = YES;
				CLANG_WARN_ENUM_CONVERSION = YES;
				CLANG_WARN_INFINITE_RECURSION = YES;
				CLANG_WARN_INT_CONVERSION = YES;
				CLANG_WARN_NON_LITERAL_NULL_CONVERSION = YES;
				CLANG_WARN_OBJC_IMPLICIT_RETAIN_SELF = YES;
				CLANG_WARN_OBJC_LITERAL_CONVERSION = YES;
				CLANG_WARN_OBJC_ROOT_CLASS = YES_ERROR;
				CLANG_WARN_RANGE_LOOP_ANALYSIS = YES;
				CLANG_WARN_STRICT_PROTOTYPES = YES;
				CLANG_WARN_SUSPICIOUS_MOVE = YES;
				CLANG_WARN_UNGUARDED_AVAILABILITY = YES_AGGRESSIVE;
				CLANG_WARN_UNREACHABLE_CODE = YES;
				CLANG_WARN__DUPLICATE_METHOD_MATCH = YES;
				CODE_SIGN_IDENTITY = "iPhone Developer: jonybfc@gmail.com (YL8N79Q3HX)";
				COPY_PHASE_STRIP = NO;
				DEBUG_INFORMATION_FORMAT = "dwarf-with-dsym";
				ENABLE_NS_ASSERTIONS = NO;
				ENABLE_STRICT_OBJC_MSGSEND = YES;
				GCC_C_LANGUAGE_STANDARD = gnu11;
				GCC_NO_COMMON_BLOCKS = YES;
				GCC_WARN_64_TO_32_BIT_CONVERSION = YES;
				GCC_WARN_ABOUT_RETURN_TYPE = YES_ERROR;
				GCC_WARN_UNDECLARED_SELECTOR = YES;
				GCC_WARN_UNINITIALIZED_AUTOS = YES_AGGRESSIVE;
				GCC_WARN_UNUSED_FUNCTION = YES;
				GCC_WARN_UNUSED_VARIABLE = YES;
				IPHONEOS_DEPLOYMENT_TARGET = 13.2;
				MTL_ENABLE_DEBUG_INFO = NO;
				SDKROOT = iphoneos;
				SWIFT_COMPILATION_MODE = wholemodule;
				SWIFT_OPTIMIZATION_LEVEL = "-O";
				VALIDATE_PRODUCT = YES;
			};
			name = Release;
		};
		C9F1159C2123325400F29650 /* Debug */ = {
			isa = XCBuildConfiguration;
			baseConfigurationReference = 815BA00031C08D793B2DFD16 /* Pods-Elo Rate.debug.xcconfig */;
			buildSettings = {
				ASSETCATALOG_COMPILER_APPICON_NAME = AppIcon;
				CODE_SIGN_IDENTITY = "Apple Development";
				CODE_SIGN_STYLE = Automatic;
				DEVELOPMENT_TEAM = YU7C478NDW;
				INFOPLIST_FILE = "Elo Rate/Info.plist";
				LD_RUNPATH_SEARCH_PATHS = (
					"$(inherited)",
					"@executable_path/Frameworks",
				);
				PRODUCT_BUNDLE_IDENTIFIER = com.elo.rate;
				PRODUCT_NAME = "$(TARGET_NAME)";
				PROVISIONING_PROFILE_SPECIFIER = "";
				SWIFT_VERSION = 5.0;
				TARGETED_DEVICE_FAMILY = "1,2";
			};
			name = Debug;
		};
		C9F1159D2123325400F29650 /* Release */ = {
			isa = XCBuildConfiguration;
			baseConfigurationReference = A9DD936460F8D4245BE1B351 /* Pods-Elo Rate.release.xcconfig */;
			buildSettings = {
				ASSETCATALOG_COMPILER_APPICON_NAME = AppIcon;
				CODE_SIGN_IDENTITY = "Apple Development";
				CODE_SIGN_STYLE = Automatic;
				DEVELOPMENT_TEAM = YU7C478NDW;
				INFOPLIST_FILE = "Elo Rate/Info.plist";
				LD_RUNPATH_SEARCH_PATHS = (
					"$(inherited)",
					"@executable_path/Frameworks",
				);
				PRODUCT_BUNDLE_IDENTIFIER = com.elo.rate;
				PRODUCT_NAME = "$(TARGET_NAME)";
				PROVISIONING_PROFILE_SPECIFIER = "";
				SWIFT_VERSION = 5.0;
				TARGETED_DEVICE_FAMILY = "1,2";
			};
			name = Release;
		};
		D81B186B23CD1AA4007A66B9 /* Debug */ = {
			isa = XCBuildConfiguration;
			baseConfigurationReference = 5AF2D266AF705BDA97A39B13 /* Pods-Elo RateTests.debug.xcconfig */;
			buildSettings = {
				BUNDLE_LOADER = "$(TEST_HOST)";
				CLANG_ENABLE_MODULES = YES;
				CODE_SIGN_IDENTITY = "iPhone Developer";
				"CODE_SIGN_IDENTITY[sdk=macosx*]" = "Apple Development";
				CODE_SIGN_STYLE = Manual;
				DEVELOPMENT_TEAM = YU7C478NDW;
				INFOPLIST_FILE = "Elo RateTests/Info.plist";
				LD_RUNPATH_SEARCH_PATHS = (
					"$(inherited)",
					"@executable_path/Frameworks",
					"@loader_path/Frameworks",
				);
				MTL_ENABLE_DEBUG_INFO = INCLUDE_SOURCE;
				MTL_FAST_MATH = YES;
				PRODUCT_BUNDLE_IDENTIFIER = "j0cs.Elo-RateTests";
				PRODUCT_NAME = "$(TARGET_NAME)";
				PROVISIONING_PROFILE_SPECIFIER = "";
				"PROVISIONING_PROFILE_SPECIFIER[sdk=macosx*]" = "";
				SWIFT_OPTIMIZATION_LEVEL = "-Onone";
				SWIFT_VERSION = 5.0;
				TARGETED_DEVICE_FAMILY = "1,2";
				TEST_HOST = "$(BUILT_PRODUCTS_DIR)/Elo Rate.app/Elo Rate";
			};
			name = Debug;
		};
		D81B186C23CD1AA4007A66B9 /* Release */ = {
			isa = XCBuildConfiguration;
			baseConfigurationReference = E2064E104B1F63D698230934 /* Pods-Elo RateTests.release.xcconfig */;
			buildSettings = {
				BUNDLE_LOADER = "$(TEST_HOST)";
				CLANG_ENABLE_MODULES = YES;
				CODE_SIGN_IDENTITY = "iPhone Developer";
				"CODE_SIGN_IDENTITY[sdk=macosx*]" = "Apple Development";
				CODE_SIGN_STYLE = Manual;
				DEVELOPMENT_TEAM = YU7C478NDW;
				INFOPLIST_FILE = "Elo RateTests/Info.plist";
				LD_RUNPATH_SEARCH_PATHS = (
					"$(inherited)",
					"@executable_path/Frameworks",
					"@loader_path/Frameworks",
				);
				MTL_FAST_MATH = YES;
				PRODUCT_BUNDLE_IDENTIFIER = "j0cs.Elo-RateTests";
				PRODUCT_NAME = "$(TARGET_NAME)";
				PROVISIONING_PROFILE_SPECIFIER = "";
				"PROVISIONING_PROFILE_SPECIFIER[sdk=macosx*]" = "";
				SWIFT_VERSION = 5.0;
				TARGETED_DEVICE_FAMILY = "1,2";
				TEST_HOST = "$(BUILT_PRODUCTS_DIR)/Elo Rate.app/Elo Rate";
			};
			name = Release;
		};
/* End XCBuildConfiguration section */

/* Begin XCConfigurationList section */
		C9F115792123325300F29650 /* Build configuration list for PBXProject "Elo Rate" */ = {
			isa = XCConfigurationList;
			buildConfigurations = (
				C9F115992123325400F29650 /* Debug */,
				C9F1159A2123325400F29650 /* Release */,
			);
			defaultConfigurationIsVisible = 0;
			defaultConfigurationName = Release;
		};
		C9F1159B2123325400F29650 /* Build configuration list for PBXNativeTarget "Elo Rate" */ = {
			isa = XCConfigurationList;
			buildConfigurations = (
				C9F1159C2123325400F29650 /* Debug */,
				C9F1159D2123325400F29650 /* Release */,
			);
			defaultConfigurationIsVisible = 0;
			defaultConfigurationName = Release;
		};
		D81B186D23CD1AA4007A66B9 /* Build configuration list for PBXNativeTarget "Elo RateTests" */ = {
			isa = XCConfigurationList;
			buildConfigurations = (
				D81B186B23CD1AA4007A66B9 /* Debug */,
				D81B186C23CD1AA4007A66B9 /* Release */,
			);
			defaultConfigurationIsVisible = 0;
			defaultConfigurationName = Release;
		};
/* End XCConfigurationList section */
	};
	rootObject = C9F115762123325300F29650 /* Project object */;
}
