// !$*UTF8*$!
{
	archiveVersion = 1;
	classes = {
	};
	objectVersion = 50;
	objects = {

/* Begin PBXBuildFile section */
		C9F115822123325300F29650 /* AppDelegate.swift in Sources */ = {isa = PBXBuildFile; fileRef = C9F115812123325300F29650 /* AppDelegate.swift */; };
		C9F115892123325400F29650 /* Assets.xcassets in Resources */ = {isa = PBXBuildFile; fileRef = C9F115882123325400F29650 /* Assets.xcassets */; };
		C9F1158C2123325400F29650 /* LaunchScreen.storyboard in Resources */ = {isa = PBXBuildFile; fileRef = C9F1158A2123325400F29650 /* LaunchScreen.storyboard */; };
		C9F115972123325400F29650 /* Elo_RateTests.swift in Sources */ = {isa = PBXBuildFile; fileRef = C9F115962123325400F29650 /* Elo_RateTests.swift */; };
/* End PBXBuildFile section */

/* Begin PBXContainerItemProxy section */
		C9F115932123325400F29650 /* PBXContainerItemProxy */ = {
			isa = PBXContainerItemProxy;
			containerPortal = C9F115762123325300F29650 /* Project object */;
			proxyType = 1;
			remoteGlobalIDString = C9F1157D2123325300F29650;
			remoteInfo = "Elo Rate";
		};
/* End PBXContainerItemProxy section */

/* Begin PBXFileReference section */
		C9F1157E2123325300F29650 /* Elo Rate.app */ = {isa = PBXFileReference; explicitFileType = wrapper.application; includeInIndex = 0; path = "Elo Rate.app"; sourceTree = BUILT_PRODUCTS_DIR; };
		C9F115812123325300F29650 /* AppDelegate.swift */ = {isa = PBXFileReference; lastKnownFileType = sourcecode.swift; path = AppDelegate.swift; sourceTree = "<group>"; };
		C9F115882123325400F29650 /* Assets.xcassets */ = {isa = PBXFileReference; lastKnownFileType = folder.assetcatalog; path = Assets.xcassets; sourceTree = "<group>"; };
		C9F1158B2123325400F29650 /* Base */ = {isa = PBXFileReference; lastKnownFileType = file.storyboard; name = Base; path = Base.lproj/LaunchScreen.storyboard; sourceTree = "<group>"; };
		C9F1158D2123325400F29650 /* Info.plist */ = {isa = PBXFileReference; lastKnownFileType = text.plist.xml; path = Info.plist; sourceTree = "<group>"; };
		C9F115922123325400F29650 /* Elo RateTests.xctest */ = {isa = PBXFileReference; explicitFileType = wrapper.cfbundle; includeInIndex = 0; path = "Elo RateTests.xctest"; sourceTree = BUILT_PRODUCTS_DIR; };
		C9F115962123325400F29650 /* Elo_RateTests.swift */ = {isa = PBXFileReference; lastKnownFileType = sourcecode.swift; path = Elo_RateTests.swift; sourceTree = "<group>"; };
		C9F115982123325400F29650 /* Info.plist */ = {isa = PBXFileReference; lastKnownFileType = text.plist.xml; path = Info.plist; sourceTree = "<group>"; };
/* End PBXFileReference section */

/* Begin PBXFrameworksBuildPhase section */
		C9F1157B2123325300F29650 /* Frameworks */ = {
			isa = PBXFrameworksBuildPhase;
			buildActionMask = 2147483647;
			files = (
			);
			runOnlyForDeploymentPostprocessing = 0;
		};
		C9F1158F2123325400F29650 /* Frameworks */ = {
			isa = PBXFrameworksBuildPhase;
			buildActionMask = 2147483647;
			files = (
			);
			runOnlyForDeploymentPostprocessing = 0;
		};
/* End PBXFrameworksBuildPhase section */

/* Begin PBXGroup section */
		C9F115752123325300F29650 = {
			isa = PBXGroup;
			children = (
				C9F115802123325300F29650 /* Elo Rate */,
				C9F115952123325400F29650 /* Elo RateTests */,
				C9F1157F2123325300F29650 /* Products */,
			);
			sourceTree = "<group>";
		};
		C9F1157F2123325300F29650 /* Products */ = {
			isa = PBXGroup;
			children = (
				C9F1157E2123325300F29650 /* Elo Rate.app */,
				C9F115922123325400F29650 /* Elo RateTests.xctest */,
			);
			name = Products;
			sourceTree = "<group>";
		};
		C9F115802123325300F29650 /* Elo Rate */ = {
			isa = PBXGroup;
			children = (
				C9F115812123325300F29650 /* AppDelegate.swift */,
				C9F115882123325400F29650 /* Assets.xcassets */,
				C9F1158A2123325400F29650 /* LaunchScreen.storyboard */,
				C9F1158D2123325400F29650 /* Info.plist */,
			);
			path = "Elo Rate";
			sourceTree = "<group>";
		};
		C9F115952123325400F29650 /* Elo RateTests */ = {
			isa = PBXGroup;
			children = (
				C9F115962123325400F29650 /* Elo_RateTests.swift */,
				C9F115982123325400F29650 /* Info.plist */,
			);
			path = "Elo RateTests";
			sourceTree = "<group>";
		};
/* End PBXGroup section */

/* Begin PBXNativeTarget section */
		C9F1157D2123325300F29650 /* Elo Rate */ = {
			isa = PBXNativeTarget;
			buildConfigurationList = C9F1159B2123325400F29650 /* Build configuration list for PBXNativeTarget "Elo Rate" */;
			buildPhases = (
				C9F1157A2123325300F29650 /* Sources */,
				C9F1157B2123325300F29650 /* Frameworks */,
				C9F1157C2123325300F29650 /* Resources */,
			);
			buildRules = (
			);
			dependencies = (
			);
			name = "Elo Rate";
			productName = "Elo Rate";
			productReference = C9F1157E2123325300F29650 /* Elo Rate.app */;
			productType = "com.apple.product-type.application";
		};
		C9F115912123325400F29650 /* Elo RateTests */ = {
			isa = PBXNativeTarget;
			buildConfigurationList = C9F1159E2123325400F29650 /* Build configuration list for PBXNativeTarget "Elo RateTests" */;
			buildPhases = (
				C9F1158E2123325400F29650 /* Sources */,
				C9F1158F2123325400F29650 /* Frameworks */,
				C9F115902123325400F29650 /* Resources */,
			);
			buildRules = (
			);
			dependencies = (
				C9F115942123325400F29650 /* PBXTargetDependency */,
			);
			name = "Elo RateTests";
			productName = "Elo RateTests";
			productReference = C9F115922123325400F29650 /* Elo RateTests.xctest */;
			productType = "com.apple.product-type.bundle.unit-test";
		};
/* End PBXNativeTarget section */

/* Begin PBXProject section */
		C9F115762123325300F29650 /* Project object */ = {
			isa = PBXProject;
			attributes = {
				LastSwiftUpdateCheck = 0940;
				LastUpgradeCheck = 0940;
				ORGANIZATIONNAME = "João Campos";
				TargetAttributes = {
					C9F1157D2123325300F29650 = {
						CreatedOnToolsVersion = 9.4.1;
					};
					C9F115912123325400F29650 = {
						CreatedOnToolsVersion = 9.4.1;
						TestTargetID = C9F1157D2123325300F29650;
					};
				};
			};
			buildConfigurationList = C9F115792123325300F29650 /* Build configuration list for PBXProject "Elo Rate" */;
			compatibilityVersion = "Xcode 9.3";
			developmentRegion = en;
			hasScannedForEncodings = 0;
			knownRegions = (
				en,
				Base,
			);
			mainGroup = C9F115752123325300F29650;
			productRefGroup = C9F1157F2123325300F29650 /* Products */;
			projectDirPath = "";
			projectRoot = "";
			targets = (
				C9F1157D2123325300F29650 /* Elo Rate */,
				C9F115912123325400F29650 /* Elo RateTests */,
			);
		};
/* End PBXProject section */

/* Begin PBXResourcesBuildPhase section */
		C9F1157C2123325300F29650 /* Resources */ = {
			isa = PBXResourcesBuildPhase;
			buildActionMask = 2147483647;
			files = (
				C9F1158C2123325400F29650 /* LaunchScreen.storyboard in Resources */,
				C9F115892123325400F29650 /* Assets.xcassets in Resources */,
			);
			runOnlyForDeploymentPostprocessing = 0;
		};
		C9F115902123325400F29650 /* Resources */ = {
			isa = PBXResourcesBuildPhase;
			buildActionMask = 2147483647;
			files = (
			);
			runOnlyForDeploymentPostprocessing = 0;
		};
/* End PBXResourcesBuildPhase section */

/* Begin PBXSourcesBuildPhase section */
		C9F1157A2123325300F29650 /* Sources */ = {
			isa = PBXSourcesBuildPhase;
			buildActionMask = 2147483647;
			files = (
				C9F115822123325300F29650 /* AppDelegate.swift in Sources */,
			);
			runOnlyForDeploymentPostprocessing = 0;
		};
		C9F1158E2123325400F29650 /* Sources */ = {
			isa = PBXSourcesBuildPhase;
			buildActionMask = 2147483647;
			files = (
				C9F115972123325400F29650 /* Elo_RateTests.swift in Sources */,
			);
			runOnlyForDeploymentPostprocessing = 0;
		};
/* End PBXSourcesBuildPhase section */

/* Begin PBXTargetDependency section */
		C9F115942123325400F29650 /* PBXTargetDependency */ = {
			isa = PBXTargetDependency;
			target = C9F1157D2123325300F29650 /* Elo Rate */;
			targetProxy = C9F115932123325400F29650 /* PBXContainerItemProxy */;
		};
/* End PBXTargetDependency section */

/* Begin PBXVariantGroup section */
		C9F1158A2123325400F29650 /* LaunchScreen.storyboard */ = {
			isa = PBXVariantGroup;
			children = (
				C9F1158B2123325400F29650 /* Base */,
			);
			name = LaunchScreen.storyboard;
			sourceTree = "<group>";
		};
/* End PBXVariantGroup section */

/* Begin XCBuildConfiguration section */
		C9F115992123325400F29650 /* Debug */ = {
			isa = XCBuildConfiguration;
			buildSettings = {
				ALWAYS_SEARCH_USER_PATHS = NO;
				CLANG_ANALYZER_NONNULL = YES;
				CLANG_ANALYZER_NUMBER_OBJECT_CONVERSION = YES_AGGRESSIVE;
				CLANG_CXX_LANGUAGE_STANDARD = "gnu++14";
				CLANG_CXX_LIBRARY = "libc++";
				CLANG_ENABLE_MODULES = YES;
				CLANG_ENABLE_OBJC_ARC = YES;
				CLANG_ENABLE_OBJC_WEAK = YES;
				CLANG_WARN_BLOCK_CAPTURE_AUTORELEASING = YES;
				CLANG_WARN_BOOL_CONVERSION = YES;
				CLANG_WARN_COMMA = YES;
				CLANG_WARN_CONSTANT_CONVERSION = YES;
				CLANG_WARN_DEPRECATED_OBJC_IMPLEMENTATIONS = YES;
				CLANG_WARN_DIRECT_OBJC_ISA_USAGE = YES_ERROR;
				CLANG_WARN_DOCUMENTATION_COMMENTS = YES;
				CLANG_WARN_EMPTY_BODY = YES;
				CLANG_WARN_ENUM_CONVERSION = YES;
				CLANG_WARN_INFINITE_RECURSION = YES;
				CLANG_WARN_INT_CONVERSION = YES;
				CLANG_WARN_NON_LITERAL_NULL_CONVERSION = YES;
				CLANG_WARN_OBJC_IMPLICIT_RETAIN_SELF = YES;
				CLANG_WARN_OBJC_LITERAL_CONVERSION = YES;
				CLANG_WARN_OBJC_ROOT_CLASS = YES_ERROR;
				CLANG_WARN_RANGE_LOOP_ANALYSIS = YES;
				CLANG_WARN_STRICT_PROTOTYPES = YES;
				CLANG_WARN_SUSPICIOUS_MOVE = YES;
				CLANG_WARN_UNGUARDED_AVAILABILITY = YES_AGGRESSIVE;
				CLANG_WARN_UNREACHABLE_CODE = YES;
				CLANG_WARN__DUPLICATE_METHOD_MATCH = YES;
				CODE_SIGN_IDENTITY = "iPhone Developer";
				COPY_PHASE_STRIP = NO;
				DEBUG_INFORMATION_FORMAT = dwarf;
				ENABLE_STRICT_OBJC_MSGSEND = YES;
				ENABLE_TESTABILITY = YES;
				GCC_C_LANGUAGE_STANDARD = gnu11;
				GCC_DYNAMIC_NO_PIC = NO;
				GCC_NO_COMMON_BLOCKS = YES;
				GCC_OPTIMIZATION_LEVEL = 0;
				GCC_PREPROCESSOR_DEFINITIONS = (
					"DEBUG=1",
					"$(inherited)",
				);
				GCC_WARN_64_TO_32_BIT_CONVERSION = YES;
				GCC_WARN_ABOUT_RETURN_TYPE = YES_ERROR;
				GCC_WARN_UNDECLARED_SELECTOR = YES;
				GCC_WARN_UNINITIALIZED_AUTOS = YES_AGGRESSIVE;
				GCC_WARN_UNUSED_FUNCTION = YES;
				GCC_WARN_UNUSED_VARIABLE = YES;
				IPHONEOS_DEPLOYMENT_TARGET = 11.4;
				MTL_ENABLE_DEBUG_INFO = YES;
				ONLY_ACTIVE_ARCH = YES;
				SDKROOT = iphoneos;
				SWIFT_ACTIVE_COMPILATION_CONDITIONS = DEBUG;
				SWIFT_OPTIMIZATION_LEVEL = "-Onone";
			};
			name = Debug;
		};
		C9F1159A2123325400F29650 /* Release */ = {
			isa = XCBuildConfiguration;
			buildSettings = {
				ALWAYS_SEARCH_USER_PATHS = NO;
				CLANG_ANALYZER_NONNULL = YES;
				CLANG_ANALYZER_NUMBER_OBJECT_CONVERSION = YES_AGGRESSIVE;
				CLANG_CXX_LANGUAGE_STANDARD = "gnu++14";
				CLANG_CXX_LIBRARY = "libc++";
				CLANG_ENABLE_MODULES = YES;
				CLANG_ENABLE_OBJC_ARC = YES;
				CLANG_ENABLE_OBJC_WEAK = YES;
				CLANG_WARN_BLOCK_CAPTURE_AUTORELEASING = YES;
				CLANG_WARN_BOOL_CONVERSION = YES;
				CLANG_WARN_COMMA = YES;
				CLANG_WARN_CONSTANT_CONVERSION = YES;
				CLANG_WARN_DEPRECATED_OBJC_IMPLEMENTATIONS = YES;
				CLANG_WARN_DIRECT_OBJC_ISA_USAGE = YES_ERROR;
				CLANG_WARN_DOCUMENTATION_COMMENTS = YES;
				CLANG_WARN_EMPTY_BODY = YES;
				CLANG_WARN_ENUM_CONVERSION = YES;
				CLANG_WARN_INFINITE_RECURSION = YES;
				CLANG_WARN_INT_CONVERSION = YES;
				CLANG_WARN_NON_LITERAL_NULL_CONVERSION = YES;
				CLANG_WARN_OBJC_IMPLICIT_RETAIN_SELF = YES;
				CLANG_WARN_OBJC_LITERAL_CONVERSION = YES;
				CLANG_WARN_OBJC_ROOT_CLASS = YES_ERROR;
				CLANG_WARN_RANGE_LOOP_ANALYSIS = YES;
				CLANG_WARN_STRICT_PROTOTYPES = YES;
				CLANG_WARN_SUSPICIOUS_MOVE = YES;
				CLANG_WARN_UNGUARDED_AVAILABILITY = YES_AGGRESSIVE;
				CLANG_WARN_UNREACHABLE_CODE = YES;
				CLANG_WARN__DUPLICATE_METHOD_MATCH = YES;
				CODE_SIGN_IDENTITY = "iPhone Developer";
				COPY_PHASE_STRIP = NO;
				DEBUG_INFORMATION_FORMAT = "dwarf-with-dsym";
				ENABLE_NS_ASSERTIONS = NO;
				ENABLE_STRICT_OBJC_MSGSEND = YES;
				GCC_C_LANGUAGE_STANDARD = gnu11;
				GCC_NO_COMMON_BLOCKS = YES;
				GCC_WARN_64_TO_32_BIT_CONVERSION = YES;
				GCC_WARN_ABOUT_RETURN_TYPE = YES_ERROR;
				GCC_WARN_UNDECLARED_SELECTOR = YES;
				GCC_WARN_UNINITIALIZED_AUTOS = YES_AGGRESSIVE;
				GCC_WARN_UNUSED_FUNCTION = YES;
				GCC_WARN_UNUSED_VARIABLE = YES;
				IPHONEOS_DEPLOYMENT_TARGET = 11.4;
				MTL_ENABLE_DEBUG_INFO = NO;
				SDKROOT = iphoneos;
				SWIFT_COMPILATION_MODE = wholemodule;
				SWIFT_OPTIMIZATION_LEVEL = "-O";
				VALIDATE_PRODUCT = YES;
			};
			name = Release;
		};
		C9F1159C2123325400F29650 /* Debug */ = {
			isa = XCBuildConfiguration;
			buildSettings = {
				ASSETCATALOG_COMPILER_APPICON_NAME = AppIcon;
				CODE_SIGN_STYLE = Manual;
				DEVELOPMENT_TEAM = "";
				INFOPLIST_FILE = "Elo Rate/Info.plist";
				LD_RUNPATH_SEARCH_PATHS = (
					"$(inherited)",
					"@executable_path/Frameworks",
				);
				PRODUCT_BUNDLE_IDENTIFIER = com.elo.rate;
				PRODUCT_NAME = "$(TARGET_NAME)";
				PROVISIONING_PROFILE_SPECIFIER = "";
				SWIFT_VERSION = 4.0;
				TARGETED_DEVICE_FAMILY = "1,2";
			};
			name = Debug;
		};
		C9F1159D2123325400F29650 /* Release */ = {
			isa = XCBuildConfiguration;
			buildSettings = {
				ASSETCATALOG_COMPILER_APPICON_NAME = AppIcon;
				CODE_SIGN_STYLE = Manual;
				DEVELOPMENT_TEAM = "";
				INFOPLIST_FILE = "Elo Rate/Info.plist";
				LD_RUNPATH_SEARCH_PATHS = (
					"$(inherited)",
					"@executable_path/Frameworks",
				);
				PRODUCT_BUNDLE_IDENTIFIER = com.elo.rate;
				PRODUCT_NAME = "$(TARGET_NAME)";
				PROVISIONING_PROFILE_SPECIFIER = "";
				SWIFT_VERSION = 4.0;
				TARGETED_DEVICE_FAMILY = "1,2";
			};
			name = Release;
		};
		C9F1159F2123325400F29650 /* Debug */ = {
			isa = XCBuildConfiguration;
			buildSettings = {
				ALWAYS_EMBED_SWIFT_STANDARD_LIBRARIES = YES;
				BUNDLE_LOADER = "$(TEST_HOST)";
				CODE_SIGN_STYLE = Automatic;
				INFOPLIST_FILE = "Elo RateTests/Info.plist";
				LD_RUNPATH_SEARCH_PATHS = (
					"$(inherited)",
					"@executable_path/Frameworks",
					"@loader_path/Frameworks",
				);
				PRODUCT_BUNDLE_IDENTIFIER = "joCs.Elo-RateTests";
				PRODUCT_NAME = "$(TARGET_NAME)";
				SWIFT_VERSION = 4.0;
				TARGETED_DEVICE_FAMILY = "1,2";
				TEST_HOST = "$(BUILT_PRODUCTS_DIR)/Elo Rate.app/Elo Rate";
			};
			name = Debug;
		};
		C9F115A02123325400F29650 /* Release */ = {
			isa = XCBuildConfiguration;
			buildSettings = {
				ALWAYS_EMBED_SWIFT_STANDARD_LIBRARIES = YES;
				BUNDLE_LOADER = "$(TEST_HOST)";
				CODE_SIGN_STYLE = Automatic;
				INFOPLIST_FILE = "Elo RateTests/Info.plist";
				LD_RUNPATH_SEARCH_PATHS = (
					"$(inherited)",
					"@executable_path/Frameworks",
					"@loader_path/Frameworks",
				);
				PRODUCT_BUNDLE_IDENTIFIER = "joCs.Elo-RateTests";
				PRODUCT_NAME = "$(TARGET_NAME)";
				SWIFT_VERSION = 4.0;
				TARGETED_DEVICE_FAMILY = "1,2";
				TEST_HOST = "$(BUILT_PRODUCTS_DIR)/Elo Rate.app/Elo Rate";
			};
			name = Release;
		};
/* End XCBuildConfiguration section */

/* Begin XCConfigurationList section */
		C9F115792123325300F29650 /* Build configuration list for PBXProject "Elo Rate" */ = {
			isa = XCConfigurationList;
			buildConfigurations = (
				C9F115992123325400F29650 /* Debug */,
				C9F1159A2123325400F29650 /* Release */,
			);
			defaultConfigurationIsVisible = 0;
			defaultConfigurationName = Release;
		};
		C9F1159B2123325400F29650 /* Build configuration list for PBXNativeTarget "Elo Rate" */ = {
			isa = XCConfigurationList;
			buildConfigurations = (
				C9F1159C2123325400F29650 /* Debug */,
				C9F1159D2123325400F29650 /* Release */,
			);
			defaultConfigurationIsVisible = 0;
			defaultConfigurationName = Release;
		};
		C9F1159E2123325400F29650 /* Build configuration list for PBXNativeTarget "Elo RateTests" */ = {
			isa = XCConfigurationList;
			buildConfigurations = (
				C9F1159F2123325400F29650 /* Debug */,
				C9F115A02123325400F29650 /* Release */,
			);
			defaultConfigurationIsVisible = 0;
			defaultConfigurationName = Release;
		};
/* End XCConfigurationList section */
	};
	rootObject = C9F115762123325300F29650 /* Project object */;
}
